
Microsoft Visual Studio Solution File, Format Version 12.00
# Visual Studio Version 17
VisualStudioVersion = 17.4.33205.214
MinimumVisualStudioVersion = 10.0.40219.1
Project("{FAE04EC0-301F-11D3-BF4B-00C04F79EFBC}") = "Search Methods Homework", "Search Methods Homework\Search Methods Homework.csproj", "{5AC4B805-3E99-417F-8CED-8106838CE776}"
EndProject
Global
	GlobalSection(SolutionConfigurationPlatforms) = preSolution
		Debug|Any CPU = Debug|Any CPU
		Release|Any CPU = Release|Any CPU
	EndGlobalSection
	GlobalSection(ProjectConfigurationPlatforms) = postSolution
		{5AC4B805-3E99-417F-8CED-8106838CE776}.Debug|Any CPU.ActiveCfg = Debug|Any CPU
		{5AC4B805-3E99-417F-8CED-8106838CE776}.Debug|Any CPU.Build.0 = Debug|Any CPU
		{5AC4B805-3E99-417F-8CED-8106838CE776}.Release|Any CPU.ActiveCfg = Release|Any CPU
		{5AC4B805-3E99-417F-8CED-8106838CE776}.Release|Any CPU.Build.0 = Release|Any CPU
	EndGlobalSection
	GlobalSection(SolutionProperties) = preSolution
		HideSolutionNode = FALSE
	EndGlobalSection
	GlobalSection(ExtensibilityGlobals) = postSolution
		SolutionGuid = {E3420849-2C4C-411C-ADE1-F32F95A37BDA}
	EndGlobalSection
EndGlobal
